// !$*UTF8*$!
{
	archiveVersion = 1;
	classes = {
	};
	objectVersion = 46;
	objects = {

/* Begin PBXBuildFile section */
		046766481D123B9B008307C4 /* main.m in Sources */ = {isa = PBXBuildFile; fileRef = 046766471D123B9B008307C4 /* main.m */; };
		0467664B1D123B9B008307C4 /* AppDelegate.m in Sources */ = {isa = PBXBuildFile; fileRef = 0467664A1D123B9B008307C4 /* AppDelegate.m */; };
		0467664E1D123B9B008307C4 /* ViewController.m in Sources */ = {isa = PBXBuildFile; fileRef = 0467664D1D123B9B008307C4 /* ViewController.m */; };
		046766511D123B9B008307C4 /* Main.storyboard in Resources */ = {isa = PBXBuildFile; fileRef = 0467664F1D123B9B008307C4 /* Main.storyboard */; };
		046766531D123B9B008307C4 /* Images.xcassets in Resources */ = {isa = PBXBuildFile; fileRef = 046766521D123B9B008307C4 /* Images.xcassets */; };
		046766561D123B9B008307C4 /* LaunchScreen.xib in Resources */ = {isa = PBXBuildFile; fileRef = 046766541D123B9B008307C4 /* LaunchScreen.xib */; };
		046766621D123B9B008307C4 /* __KVC_________Tests.m in Sources */ = {isa = PBXBuildFile; fileRef = 046766611D123B9B008307C4 /* __KVC_________Tests.m */; };
		0467666D1D123C3A008307C4 /* Person.m in Sources */ = {isa = PBXBuildFile; fileRef = 0467666C1D123C3A008307C4 /* Person.m */; };
/* End PBXBuildFile section */

/* Begin PBXContainerItemProxy section */
		0467665C1D123B9B008307C4 /* PBXContainerItemProxy */ = {
			isa = PBXContainerItemProxy;
			containerPortal = 0467663A1D123B9B008307C4 /* Project object */;
			proxyType = 1;
			remoteGlobalIDString = 046766411D123B9B008307C4;
			remoteInfo = "1-KVC处理复杂的网络数据";
		};
/* End PBXContainerItemProxy section */

/* Begin PBXFileReference section */
		046766421D123B9B008307C4 /* 1-KVC处理复杂的网络数据.app */ = {isa = PBXFileReference; explicitFileType = wrapper.application; includeInIndex = 0; path = "1-KVC处理复杂的网络数据.app"; sourceTree = BUILT_PRODUCTS_DIR; };
		046766461D123B9B008307C4 /* Info.plist */ = {isa = PBXFileReference; lastKnownFileType = text.plist.xml; path = Info.plist; sourceTree = "<group>"; };
		046766471D123B9B008307C4 /* main.m */ = {isa = PBXFileReference; lastKnownFileType = sourcecode.c.objc; path = main.m; sourceTree = "<group>"; };
		046766491D123B9B008307C4 /* AppDelegate.h */ = {isa = PBXFileReference; lastKnownFileType = sourcecode.c.h; path = AppDelegate.h; sourceTree = "<group>"; };
		0467664A1D123B9B008307C4 /* AppDelegate.m */ = {isa = PBXFileReference; lastKnownFileType = sourcecode.c.objc; path = AppDelegate.m; sourceTree = "<group>"; };
		0467664C1D123B9B008307C4 /* ViewController.h */ = {isa = PBXFileReference; lastKnownFileType = sourcecode.c.h; path = ViewController.h; sourceTree = "<group>"; };
		0467664D1D123B9B008307C4 /* ViewController.m */ = {isa = PBXFileReference; lastKnownFileType = sourcecode.c.objc; path = ViewController.m; sourceTree = "<group>"; };
		046766501D123B9B008307C4 /* Base */ = {isa = PBXFileReference; lastKnownFileType = file.storyboard; name = Base; path = Base.lproj/Main.storyboard; sourceTree = "<group>"; };
		046766521D123B9B008307C4 /* Images.xcassets */ = {isa = PBXFileReference; lastKnownFileType = folder.assetcatalog; path = Images.xcassets; sourceTree = "<group>"; };
		046766551D123B9B008307C4 /* Base */ = {isa = PBXFileReference; lastKnownFileType = file.xib; name = Base; path = Base.lproj/LaunchScreen.xib; sourceTree = "<group>"; };
		0467665B1D123B9B008307C4 /* 1-KVC处理复杂的网络数据Tests.xctest */ = {isa = PBXFileReference; explicitFileType = wrapper.cfbundle; includeInIndex = 0; path = "1-KVC处理复杂的网络数据Tests.xctest"; sourceTree = BUILT_PRODUCTS_DIR; };
		046766601D123B9B008307C4 /* Info.plist */ = {isa = PBXFileReference; lastKnownFileType = text.plist.xml; path = Info.plist; sourceTree = "<group>"; };
		046766611D123B9B008307C4 /* __KVC_________Tests.m */ = {isa = PBXFileReference; lastKnownFileType = sourcecode.c.objc; path = "__KVC_________Tests.m"; sourceTree = "<group>"; };
		0467666B1D123C3A008307C4 /* Person.h */ = {isa = PBXFileReference; fileEncoding = 4; lastKnownFileType = sourcecode.c.h; path = Person.h; sourceTree = "<group>"; };
		0467666C1D123C3A008307C4 /* Person.m */ = {isa = PBXFileReference; fileEncoding = 4; lastKnownFileType = sourcecode.c.objc; path = Person.m; sourceTree = "<group>"; };
/* End PBXFileReference section */

/* Begin PBXFrameworksBuildPhase section */
		0467663F1D123B9B008307C4 /* Frameworks */ = {
			isa = PBXFrameworksBuildPhase;
			buildActionMask = 2147483647;
			files = (
			);
			runOnlyForDeploymentPostprocessing = 0;
		};
		046766581D123B9B008307C4 /* Frameworks */ = {
			isa = PBXFrameworksBuildPhase;
			buildActionMask = 2147483647;
			files = (
			);
			runOnlyForDeploymentPostprocessing = 0;
		};
/* End PBXFrameworksBuildPhase section */

/* Begin PBXGroup section */
		046766391D123B9B008307C4 = {
			isa = PBXGroup;
			children = (
				046766441D123B9B008307C4 /* 1-KVC处理复杂的网络数据 */,
				0467665E1D123B9B008307C4 /* 1-KVC处理复杂的网络数据Tests */,
				046766431D123B9B008307C4 /* Products */,
			);
			sourceTree = "<group>";
		};
		046766431D123B9B008307C4 /* Products */ = {
			isa = PBXGroup;
			children = (
				046766421D123B9B008307C4 /* 1-KVC处理复杂的网络数据.app */,
				0467665B1D123B9B008307C4 /* 1-KVC处理复杂的网络数据Tests.xctest */,
			);
			name = Products;
			sourceTree = "<group>";
		};
		046766441D123B9B008307C4 /* 1-KVC处理复杂的网络数据 */ = {
			isa = PBXGroup;
			children = (
				046766491D123B9B008307C4 /* AppDelegate.h */,
				0467664A1D123B9B008307C4 /* AppDelegate.m */,
				0467664C1D123B9B008307C4 /* ViewController.h */,
				0467664D1D123B9B008307C4 /* ViewController.m */,
				0467666B1D123C3A008307C4 /* Person.h */,
				0467666C1D123C3A008307C4 /* Person.m */,
				0467664F1D123B9B008307C4 /* Main.storyboard */,
				046766521D123B9B008307C4 /* Images.xcassets */,
				046766541D123B9B008307C4 /* LaunchScreen.xib */,
				046766451D123B9B008307C4 /* Supporting Files */,
			);
			path = "1-KVC处理复杂的网络数据";
			sourceTree = "<group>";
		};
		046766451D123B9B008307C4 /* Supporting Files */ = {
			isa = PBXGroup;
			children = (
				046766461D123B9B008307C4 /* Info.plist */,
				046766471D123B9B008307C4 /* main.m */,
			);
			name = "Supporting Files";
			sourceTree = "<group>";
		};
		0467665E1D123B9B008307C4 /* 1-KVC处理复杂的网络数据Tests */ = {
			isa = PBXGroup;
			children = (
				046766611D123B9B008307C4 /* __KVC_________Tests.m */,
				0467665F1D123B9B008307C4 /* Supporting Files */,
			);
			path = "1-KVC处理复杂的网络数据Tests";
			sourceTree = "<group>";
		};
		0467665F1D123B9B008307C4 /* Supporting Files */ = {
			isa = PBXGroup;
			children = (
				046766601D123B9B008307C4 /* Info.plist */,
			);
			name = "Supporting Files";
			sourceTree = "<group>";
		};
/* End PBXGroup section */

/* Begin PBXNativeTarget section */
		046766411D123B9B008307C4 /* 1-KVC处理复杂的网络数据 */ = {
			isa = PBXNativeTarget;
			buildConfigurationList = 046766651D123B9B008307C4 /* Build configuration list for PBXNativeTarget "1-KVC处理复杂的网络数据" */;
			buildPhases = (
				0467663E1D123B9B008307C4 /* Sources */,
				0467663F1D123B9B008307C4 /* Frameworks */,
				046766401D123B9B008307C4 /* Resources */,
			);
			buildRules = (
			);
			dependencies = (
			);
			name = "1-KVC处理复杂的网络数据";
			productName = "1-KVC处理复杂的网络数据";
			productReference = 046766421D123B9B008307C4 /* 1-KVC处理复杂的网络数据.app */;
			productType = "com.apple.product-type.application";
		};
		0467665A1D123B9B008307C4 /* 1-KVC处理复杂的网络数据Tests */ = {
			isa = PBXNativeTarget;
			buildConfigurationList = 046766681D123B9B008307C4 /* Build configuration list for PBXNativeTarget "1-KVC处理复杂的网络数据Tests" */;
			buildPhases = (
				046766571D123B9B008307C4 /* Sources */,
				046766581D123B9B008307C4 /* Frameworks */,
				046766591D123B9B008307C4 /* Resources */,
			);
			buildRules = (
			);
			dependencies = (
				0467665D1D123B9B008307C4 /* PBXTargetDependency */,
			);
			name = "1-KVC处理复杂的网络数据Tests";
			productName = "1-KVC处理复杂的网络数据Tests";
			productReference = 0467665B1D123B9B008307C4 /* 1-KVC处理复杂的网络数据Tests.xctest */;
			productType = "com.apple.product-type.bundle.unit-test";
		};
/* End PBXNativeTarget section */

/* Begin PBXProject section */
		0467663A1D123B9B008307C4 /* Project object */ = {
			isa = PBXProject;
			attributes = {
				LastUpgradeCheck = 0640;
				ORGANIZATIONNAME = mac;
				TargetAttributes = {
					046766411D123B9B008307C4 = {
						CreatedOnToolsVersion = 6.4;
					};
					0467665A1D123B9B008307C4 = {
						CreatedOnToolsVersion = 6.4;
						TestTargetID = 046766411D123B9B008307C4;
					};
				};
			};
			buildConfigurationList = 0467663D1D123B9B008307C4 /* Build configuration list for PBXProject "1-KVC处理复杂的网络数据" */;
			compatibilityVersion = "Xcode 3.2";
			developmentRegion = English;
			hasScannedForEncodings = 0;
			knownRegions = (
				en,
				Base,
			);
			mainGroup = 046766391D123B9B008307C4;
			productRefGroup = 046766431D123B9B008307C4 /* Products */;
			projectDirPath = "";
			projectRoot = "";
			targets = (
				046766411D123B9B008307C4 /* 1-KVC处理复杂的网络数据 */,
				0467665A1D123B9B008307C4 /* 1-KVC处理复杂的网络数据Tests */,
			);
		};
/* End PBXProject section */

/* Begin PBXResourcesBuildPhase section */
		046766401D123B9B008307C4 /* Resources */ = {
			isa = PBXResourcesBuildPhase;
			buildActionMask = 2147483647;
			files = (
				046766511D123B9B008307C4 /* Main.storyboard in Resources */,
				046766561D123B9B008307C4 /* LaunchScreen.xib in Resources */,
				046766531D123B9B008307C4 /* Images.xcassets in Resources */,
			);
			runOnlyForDeploymentPostprocessing = 0;
		};
		046766591D123B9B008307C4 /* Resources */ = {
			isa = PBXResourcesBuildPhase;
			buildActionMask = 2147483647;
			files = (
			);
			runOnlyForDeploymentPostprocessing = 0;
		};
/* End PBXResourcesBuildPhase section */

/* Begin PBXSourcesBuildPhase section */
		0467663E1D123B9B008307C4 /* Sources */ = {
			isa = PBXSourcesBuildPhase;
			buildActionMask = 2147483647;
			files = (
				0467664E1D123B9B008307C4 /* ViewController.m in Sources */,
				0467664B1D123B9B008307C4 /* AppDelegate.m in Sources */,
				0467666D1D123C3A008307C4 /* Person.m in Sources */,
				046766481D123B9B008307C4 /* main.m in Sources */,
			);
			runOnlyForDeploymentPostprocessing = 0;
		};
		046766571D123B9B008307C4 /* Sources */ = {
			isa = PBXSourcesBuildPhase;
			buildActionMask = 2147483647;
			files = (
				046766621D123B9B008307C4 /* __KVC_________Tests.m in Sources */,
			);
			runOnlyForDeploymentPostprocessing = 0;
		};
/* End PBXSourcesBuildPhase section */

/* Begin PBXTargetDependency section */
		0467665D1D123B9B008307C4 /* PBXTargetDependency */ = {
			isa = PBXTargetDependency;
			target = 046766411D123B9B008307C4 /* 1-KVC处理复杂的网络数据 */;
			targetProxy = 0467665C1D123B9B008307C4 /* PBXContainerItemProxy */;
		};
/* End PBXTargetDependency section */

/* Begin PBXVariantGroup section */
		0467664F1D123B9B008307C4 /* Main.storyboard */ = {
			isa = PBXVariantGroup;
			children = (
				046766501D123B9B008307C4 /* Base */,
			);
			name = Main.storyboard;
			sourceTree = "<group>";
		};
		046766541D123B9B008307C4 /* LaunchScreen.xib */ = {
			isa = PBXVariantGroup;
			children = (
				046766551D123B9B008307C4 /* Base */,
			);
			name = LaunchScreen.xib;
			sourceTree = "<group>";
		};
/* End PBXVariantGroup section */

/* Begin XCBuildConfiguration section */
		046766631D123B9B008307C4 /* Debug */ = {
			isa = XCBuildConfiguration;
			buildSettings = {
				ALWAYS_SEARCH_USER_PATHS = NO;
				CLANG_CXX_LANGUAGE_STANDARD = "gnu++0x";
				CLANG_CXX_LIBRARY = "libc++";
				CLANG_ENABLE_MODULES = YES;
				CLANG_ENABLE_OBJC_ARC = YES;
				CLANG_WARN_BOOL_CONVERSION = YES;
				CLANG_WARN_CONSTANT_CONVERSION = YES;
				CLANG_WARN_DIRECT_OBJC_ISA_USAGE = YES_ERROR;
				CLANG_WARN_EMPTY_BODY = YES;
				CLANG_WARN_ENUM_CONVERSION = YES;
				CLANG_WARN_INT_CONVERSION = YES;
				CLANG_WARN_OBJC_ROOT_CLASS = YES_ERROR;
				CLANG_WARN_UNREACHABLE_CODE = YES;
				CLANG_WARN__DUPLICATE_METHOD_MATCH = YES;
				"CODE_SIGN_IDENTITY[sdk=iphoneos*]" = "iPhone Developer";
				COPY_PHASE_STRIP = NO;
				DEBUG_INFORMATION_FORMAT = "dwarf-with-dsym";
				ENABLE_STRICT_OBJC_MSGSEND = YES;
				GCC_C_LANGUAGE_STANDARD = gnu99;
				GCC_DYNAMIC_NO_PIC = NO;
				GCC_NO_COMMON_BLOCKS = YES;
				GCC_OPTIMIZATION_LEVEL = 0;
				GCC_PREPROCESSOR_DEFINITIONS = (
					"DEBUG=1",
					"$(inherited)",
				);
				GCC_SYMBOLS_PRIVATE_EXTERN = NO;
				GCC_WARN_64_TO_32_BIT_CONVERSION = YES;
				GCC_WARN_ABOUT_RETURN_TYPE = YES_ERROR;
				GCC_WARN_UNDECLARED_SELECTOR = YES;
				GCC_WARN_UNINITIALIZED_AUTOS = YES_AGGRESSIVE;
				GCC_WARN_UNUSED_FUNCTION = YES;
				GCC_WARN_UNUSED_VARIABLE = YES;
				IPHONEOS_DEPLOYMENT_TARGET = 8.4;
				MTL_ENABLE_DEBUG_INFO = YES;
				ONLY_ACTIVE_ARCH = YES;
				SDKROOT = iphoneos;
				TARGETED_DEVICE_FAMILY = "1,2";
			};
			name = Debug;
		};
		046766641D123B9B008307C4 /* Release */ = {
			isa = XCBuildConfiguration;
			buildSettings = {
				ALWAYS_SEARCH_USER_PATHS = NO;
				CLANG_CXX_LANGUAGE_STANDARD = "gnu++0x";
				CLANG_CXX_LIBRARY = "libc++";
				CLANG_ENABLE_MODULES = YES;
				CLANG_ENABLE_OBJC_ARC = YES;
				CLANG_WARN_BOOL_CONVERSION = YES;
				CLANG_WARN_CONSTANT_CONVERSION = YES;
				CLANG_WARN_DIRECT_OBJC_ISA_USAGE = YES_ERROR;
				CLANG_WARN_EMPTY_BODY = YES;
				CLANG_WARN_ENUM_CONVERSION = YES;
				CLANG_WARN_INT_CONVERSION = YES;
				CLANG_WARN_OBJC_ROOT_CLASS = YES_ERROR;
				CLANG_WARN_UNREACHABLE_CODE = YES;
				CLANG_WARN__DUPLICATE_METHOD_MATCH = YES;
				"CODE_SIGN_IDENTITY[sdk=iphoneos*]" = "iPhone Developer";
				COPY_PHASE_STRIP = NO;
				DEBUG_INFORMATION_FORMAT = "dwarf-with-dsym";
				ENABLE_NS_ASSERTIONS = NO;
				ENABLE_STRICT_OBJC_MSGSEND = YES;
				GCC_C_LANGUAGE_STANDARD = gnu99;
				GCC_NO_COMMON_BLOCKS = YES;
				GCC_WARN_64_TO_32_BIT_CONVERSION = YES;
				GCC_WARN_ABOUT_RETURN_TYPE = YES_ERROR;
				GCC_WARN_UNDECLARED_SELECTOR = YES;
				GCC_WARN_UNINITIALIZED_AUTOS = YES_AGGRESSIVE;
				GCC_WARN_UNUSED_FUNCTION = YES;
				GCC_WARN_UNUSED_VARIABLE = YES;
				IPHONEOS_DEPLOYMENT_TARGET = 8.4;
				MTL_ENABLE_DEBUG_INFO = NO;
				SDKROOT = iphoneos;
				TARGETED_DEVICE_FAMILY = "1,2";
				VALIDATE_PRODUCT = YES;
			};
			name = Release;
		};
		046766661D123B9B008307C4 /* Debug */ = {
			isa = XCBuildConfiguration;
			buildSettings = {
				ASSETCATALOG_COMPILER_APPICON_NAME = AppIcon;
				INFOPLIST_FILE = "1-KVC处理复杂的网络数据/Info.plist";
				LD_RUNPATH_SEARCH_PATHS = "$(inherited) @executable_path/Frameworks";
				PRODUCT_NAME = "$(TARGET_NAME)";
			};
			name = Debug;
		};
		046766671D123B9B008307C4 /* Release */ = {
			isa = XCBuildConfiguration;
			buildSettings = {
				ASSETCATALOG_COMPILER_APPICON_NAME = AppIcon;
				INFOPLIST_FILE = "1-KVC处理复杂的网络数据/Info.plist";
				LD_RUNPATH_SEARCH_PATHS = "$(inherited) @executable_path/Frameworks";
				PRODUCT_NAME = "$(TARGET_NAME)";
			};
			name = Release;
		};
		046766691D123B9B008307C4 /* Debug */ = {
			isa = XCBuildConfiguration;
			buildSettings = {
				BUNDLE_LOADER = "$(TEST_HOST)";
				FRAMEWORK_SEARCH_PATHS = (
					"$(SDKROOT)/Developer/Library/Frameworks",
					"$(inherited)",
				);
				GCC_PREPROCESSOR_DEFINITIONS = (
					"DEBUG=1",
					"$(inherited)",
				);
				INFOPLIST_FILE = "1-KVC处理复杂的网络数据Tests/Info.plist";
				LD_RUNPATH_SEARCH_PATHS = "$(inherited) @executable_path/Frameworks @loader_path/Frameworks";
				PRODUCT_NAME = "$(TARGET_NAME)";
				TEST_HOST = "$(BUILT_PRODUCTS_DIR)/1-KVC处理复杂的网络数据.app/1-KVC处理复杂的网络数据";
			};
			name = Debug;
		};
		0467666A1D123B9B008307C4 /* Release */ = {
			isa = XCBuildConfiguration;
			buildSettings = {
				BUNDLE_LOADER = "$(TEST_HOST)";
				FRAMEWORK_SEARCH_PATHS = (
					"$(SDKROOT)/Developer/Library/Frameworks",
					"$(inherited)",
				);
				INFOPLIST_FILE = "1-KVC处理复杂的网络数据Tests/Info.plist";
				LD_RUNPATH_SEARCH_PATHS = "$(inherited) @executable_path/Frameworks @loader_path/Frameworks";
				PRODUCT_NAME = "$(TARGET_NAME)";
				TEST_HOST = "$(BUILT_PRODUCTS_DIR)/1-KVC处理复杂的网络数据.app/1-KVC处理复杂的网络数据";
			};
			name = Release;
		};
/* End XCBuildConfiguration section */

/* Begin XCConfigurationList section */
		0467663D1D123B9B008307C4 /* Build configuration list for PBXProject "1-KVC处理复杂的网络数据" */ = {
			isa = XCConfigurationList;
			buildConfigurations = (
				046766631D123B9B008307C4 /* Debug */,
				046766641D123B9B008307C4 /* Release */,
			);
			defaultConfigurationIsVisible = 0;
			defaultConfigurationName = Release;
		};
		046766651D123B9B008307C4 /* Build configuration list for PBXNativeTarget "1-KVC处理复杂的网络数据" */ = {
			isa = XCConfigurationList;
			buildConfigurations = (
				046766661D123B9B008307C4 /* Debug */,
				046766671D123B9B008307C4 /* Release */,
			);
			defaultConfigurationIsVisible = 0;
		};
		046766681D123B9B008307C4 /* Build configuration list for PBXNativeTarget "1-KVC处理复杂的网络数据Tests" */ = {
			isa = XCConfigurationList;
			buildConfigurations = (
				046766691D123B9B008307C4 /* Debug */,
				0467666A1D123B9B008307C4 /* Release */,
			);
			defaultConfigurationIsVisible = 0;
		};
/* End XCConfigurationList section */
	};
	rootObject = 0467663A1D123B9B008307C4 /* Project object */;
}
